// !$*UTF8*$!
{
	archiveVersion = 1;
	classes = {
	};
	objectVersion = 51;
	objects = {

/* Begin PBXBuildFile section */
		7B401B56235C5CA5006886DE /* AlamofireHTTPClient.swift in Sources */ = {isa = PBXBuildFile; fileRef = 7B401B55235C5CA5006886DE /* AlamofireHTTPClient.swift */; };
		7B401B5D235C652B006886DE /* Error.swift in Sources */ = {isa = PBXBuildFile; fileRef = 7B401B5C235C652B006886DE /* Error.swift */; };
		7B401B5F235C6B75006886DE /* DependencyManager.swift in Sources */ = {isa = PBXBuildFile; fileRef = 7B401B5E235C6B75006886DE /* DependencyManager.swift */; };
		7B401B62235C6BFF006886DE /* PopcornDependencyManager.swift in Sources */ = {isa = PBXBuildFile; fileRef = 7B401B61235C6BFF006886DE /* PopcornDependencyManager.swift */; };
		7B401B67235C7148006886DE /* HTTPRequestFactory.swift in Sources */ = {isa = PBXBuildFile; fileRef = 7B401B66235C7148006886DE /* HTTPRequestFactory.swift */; };
		7B401B69235C7171006886DE /* HTTPRequestType.swift in Sources */ = {isa = PBXBuildFile; fileRef = 7B401B68235C7171006886DE /* HTTPRequestType.swift */; };
		7B401B6B235C7194006886DE /* HTTPClient.swift in Sources */ = {isa = PBXBuildFile; fileRef = 7B401B6A235C7194006886DE /* HTTPClient.swift */; };
		7B71FF52235C846D00DEF13D /* Trending.swift in Sources */ = {isa = PBXBuildFile; fileRef = 7B401B64235C708D006886DE /* Trending.swift */; };
		7B71FF56235C84C200DEF13D /* TrendingMoviesInteractor.swift in Sources */ = {isa = PBXBuildFile; fileRef = 7B71FF55235C84C200DEF13D /* TrendingMoviesInteractor.swift */; };
		7B71FF58235C84E100DEF13D /* TrendingMoviesViewOutput.swift in Sources */ = {isa = PBXBuildFile; fileRef = 7B71FF57235C84E100DEF13D /* TrendingMoviesViewOutput.swift */; };
		7B71FF5B235C84F800DEF13D /* TrendingMoviesInteractorOutput.swift in Sources */ = {isa = PBXBuildFile; fileRef = 7B71FF5A235C84F800DEF13D /* TrendingMoviesInteractorOutput.swift */; };
		7B71FF5D235C850300DEF13D /* TrendingMoviesPresenter.swift in Sources */ = {isa = PBXBuildFile; fileRef = 7B71FF5C235C850300DEF13D /* TrendingMoviesPresenter.swift */; };
		7B71FF5F235C851600DEF13D /* TrendingMoviesService.swift in Sources */ = {isa = PBXBuildFile; fileRef = 7B71FF5E235C851600DEF13D /* TrendingMoviesService.swift */; };
		7B71FF62235C87B600DEF13D /* TrendingMoviesView.swift in Sources */ = {isa = PBXBuildFile; fileRef = 7B71FF61235C87B600DEF13D /* TrendingMoviesView.swift */; };
		7B71FF64235C87E200DEF13D /* TrendingMoviesDisplayModel.swift in Sources */ = {isa = PBXBuildFile; fileRef = 7B71FF63235C87E200DEF13D /* TrendingMoviesDisplayModel.swift */; };
		7B71FF66235C90AC00DEF13D /* TrendingMoviesBaseLayoutViewController.swift in Sources */ = {isa = PBXBuildFile; fileRef = 7B71FF65235C90AC00DEF13D /* TrendingMoviesBaseLayoutViewController.swift */; };
		7B71FF68235C90CE00DEF13D /* TrendingMoviesViewController.swift in Sources */ = {isa = PBXBuildFile; fileRef = 7B71FF67235C90CE00DEF13D /* TrendingMoviesViewController.swift */; };
		7B71FF6B235C912300DEF13D /* TrendingMoviesRouter.swift in Sources */ = {isa = PBXBuildFile; fileRef = 7B71FF6A235C912300DEF13D /* TrendingMoviesRouter.swift */; };
		7B71FF6F235C998700DEF13D /* UIView+Layout.swift in Sources */ = {isa = PBXBuildFile; fileRef = 7B71FF6E235C998700DEF13D /* UIView+Layout.swift */; };
		7B71FF72235C9EF200DEF13D /* MovieListCollectionViewCell.swift in Sources */ = {isa = PBXBuildFile; fileRef = 7B71FF70235C9EF200DEF13D /* MovieListCollectionViewCell.swift */; };
		7B71FF73235C9EF200DEF13D /* MovieListCollectionViewCell.xib in Resources */ = {isa = PBXBuildFile; fileRef = 7B71FF71235C9EF200DEF13D /* MovieListCollectionViewCell.xib */; };
		7B71FF76235C9FAF00DEF13D /* UICollectionView+ReusableView.swift in Sources */ = {isa = PBXBuildFile; fileRef = 7B71FF75235C9FAF00DEF13D /* UICollectionView+ReusableView.swift */; };
		7B71FF79235C9FF000DEF13D /* ReusableView.swift in Sources */ = {isa = PBXBuildFile; fileRef = 7B71FF78235C9FF000DEF13D /* ReusableView.swift */; };
		7B71FF7C235CA0C400DEF13D /* LoadingCollectionReusableView.swift in Sources */ = {isa = PBXBuildFile; fileRef = 7B71FF7A235CA0C400DEF13D /* LoadingCollectionReusableView.swift */; };
		7B71FF7D235CA0C400DEF13D /* LoadingCollectionReusableView.xib in Resources */ = {isa = PBXBuildFile; fileRef = 7B71FF7B235CA0C400DEF13D /* LoadingCollectionReusableView.xib */; };
		7B71FF81235CA18000DEF13D /* NibLoadable.swift in Sources */ = {isa = PBXBuildFile; fileRef = 7B71FF80235CA18000DEF13D /* NibLoadable.swift */; };
		7B85AED5235D8F3700B4CE9B /* TrendingMoviesBuildable.swift in Sources */ = {isa = PBXBuildFile; fileRef = 7B85AED4235D8F3700B4CE9B /* TrendingMoviesBuildable.swift */; };
		7B85AED7235D8F7700B4CE9B /* TrendingMoviesBuilder.swift in Sources */ = {isa = PBXBuildFile; fileRef = 7B85AED6235D8F7700B4CE9B /* TrendingMoviesBuilder.swift */; };
		7B9AF57D235AD9E800D372F3 /* AppDelegate.swift in Sources */ = {isa = PBXBuildFile; fileRef = 7B9AF57C235AD9E800D372F3 /* AppDelegate.swift */; };
		7B9AF57F235AD9E900D372F3 /* ViewController.swift in Sources */ = {isa = PBXBuildFile; fileRef = 7B9AF57E235AD9E900D372F3 /* ViewController.swift */; };
		7B9AF582235AD9E900D372F3 /* Main.storyboard in Resources */ = {isa = PBXBuildFile; fileRef = 7B9AF580235AD9E900D372F3 /* Main.storyboard */; };
		7B9AF584235AD9EB00D372F3 /* Assets.xcassets in Resources */ = {isa = PBXBuildFile; fileRef = 7B9AF583235AD9EB00D372F3 /* Assets.xcassets */; };
		7B9AF587235AD9EB00D372F3 /* LaunchScreen.storyboard in Resources */ = {isa = PBXBuildFile; fileRef = 7B9AF585235AD9EB00D372F3 /* LaunchScreen.storyboard */; };
		7BF7761E235ADC2000AD6F29 /* RequestManager.swift in Sources */ = {isa = PBXBuildFile; fileRef = 7BF7761D235ADC2000AD6F29 /* RequestManager.swift */; };
		7BF77621235ADCE500AD6F29 /* HTTPRequest.swift in Sources */ = {isa = PBXBuildFile; fileRef = 7BF77620235ADCE500AD6F29 /* HTTPRequest.swift */; };
		7BF77623235AE8E500AD6F29 /* HTTPMethod.swift in Sources */ = {isa = PBXBuildFile; fileRef = 7BF77622235AE8E500AD6F29 /* HTTPMethod.swift */; };
		7BF77625235AEACF00AD6F29 /* Constants.swift in Sources */ = {isa = PBXBuildFile; fileRef = 7BF77624235AEACF00AD6F29 /* Constants.swift */; };
		7BF7762C235AF21100AD6F29 /* PopcornError.swift in Sources */ = {isa = PBXBuildFile; fileRef = 7BF7762B235AF21100AD6F29 /* PopcornError.swift */; };
		99C0D89902ACA847999DB2D9 /* Pods_Popcorn.framework in Frameworks */ = {isa = PBXBuildFile; fileRef = E1E6DB9F1902CF90CBA58160 /* Pods_Popcorn.framework */; };
/* End PBXBuildFile section */

/* Begin PBXFileReference section */
		0BBF1417C4F3A377D5BF4E7D /* Pods-Popcorn.release.xcconfig */ = {isa = PBXFileReference; includeInIndex = 1; lastKnownFileType = text.xcconfig; name = "Pods-Popcorn.release.xcconfig"; path = "Target Support Files/Pods-Popcorn/Pods-Popcorn.release.xcconfig"; sourceTree = "<group>"; };
		7B401B55235C5CA5006886DE /* AlamofireHTTPClient.swift */ = {isa = PBXFileReference; lastKnownFileType = sourcecode.swift; path = AlamofireHTTPClient.swift; sourceTree = "<group>"; };
		7B401B5C235C652B006886DE /* Error.swift */ = {isa = PBXFileReference; lastKnownFileType = sourcecode.swift; path = Error.swift; sourceTree = "<group>"; };
		7B401B5E235C6B75006886DE /* DependencyManager.swift */ = {isa = PBXFileReference; lastKnownFileType = sourcecode.swift; path = DependencyManager.swift; sourceTree = "<group>"; };
		7B401B61235C6BFF006886DE /* PopcornDependencyManager.swift */ = {isa = PBXFileReference; lastKnownFileType = sourcecode.swift; path = PopcornDependencyManager.swift; sourceTree = "<group>"; };
		7B401B64235C708D006886DE /* Trending.swift */ = {isa = PBXFileReference; lastKnownFileType = sourcecode.swift; path = Trending.swift; sourceTree = "<group>"; };
		7B401B66235C7148006886DE /* HTTPRequestFactory.swift */ = {isa = PBXFileReference; lastKnownFileType = sourcecode.swift; path = HTTPRequestFactory.swift; sourceTree = "<group>"; };
		7B401B68235C7171006886DE /* HTTPRequestType.swift */ = {isa = PBXFileReference; lastKnownFileType = sourcecode.swift; path = HTTPRequestType.swift; sourceTree = "<group>"; };
		7B401B6A235C7194006886DE /* HTTPClient.swift */ = {isa = PBXFileReference; lastKnownFileType = sourcecode.swift; path = HTTPClient.swift; sourceTree = "<group>"; };
		7B71FF55235C84C200DEF13D /* TrendingMoviesInteractor.swift */ = {isa = PBXFileReference; lastKnownFileType = sourcecode.swift; path = TrendingMoviesInteractor.swift; sourceTree = "<group>"; };
		7B71FF57235C84E100DEF13D /* TrendingMoviesViewOutput.swift */ = {isa = PBXFileReference; lastKnownFileType = sourcecode.swift; path = TrendingMoviesViewOutput.swift; sourceTree = "<group>"; };
		7B71FF5A235C84F800DEF13D /* TrendingMoviesInteractorOutput.swift */ = {isa = PBXFileReference; lastKnownFileType = sourcecode.swift; path = TrendingMoviesInteractorOutput.swift; sourceTree = "<group>"; };
		7B71FF5C235C850300DEF13D /* TrendingMoviesPresenter.swift */ = {isa = PBXFileReference; lastKnownFileType = sourcecode.swift; path = TrendingMoviesPresenter.swift; sourceTree = "<group>"; };
		7B71FF5E235C851600DEF13D /* TrendingMoviesService.swift */ = {isa = PBXFileReference; lastKnownFileType = sourcecode.swift; path = TrendingMoviesService.swift; sourceTree = "<group>"; };
		7B71FF61235C87B600DEF13D /* TrendingMoviesView.swift */ = {isa = PBXFileReference; lastKnownFileType = sourcecode.swift; path = TrendingMoviesView.swift; sourceTree = "<group>"; };
		7B71FF63235C87E200DEF13D /* TrendingMoviesDisplayModel.swift */ = {isa = PBXFileReference; lastKnownFileType = sourcecode.swift; path = TrendingMoviesDisplayModel.swift; sourceTree = "<group>"; };
		7B71FF65235C90AC00DEF13D /* TrendingMoviesBaseLayoutViewController.swift */ = {isa = PBXFileReference; lastKnownFileType = sourcecode.swift; path = TrendingMoviesBaseLayoutViewController.swift; sourceTree = "<group>"; };
		7B71FF67235C90CE00DEF13D /* TrendingMoviesViewController.swift */ = {isa = PBXFileReference; lastKnownFileType = sourcecode.swift; path = TrendingMoviesViewController.swift; sourceTree = "<group>"; };
		7B71FF6A235C912300DEF13D /* TrendingMoviesRouter.swift */ = {isa = PBXFileReference; lastKnownFileType = sourcecode.swift; path = TrendingMoviesRouter.swift; sourceTree = "<group>"; };
		7B71FF6E235C998700DEF13D /* UIView+Layout.swift */ = {isa = PBXFileReference; lastKnownFileType = sourcecode.swift; path = "UIView+Layout.swift"; sourceTree = "<group>"; };
		7B71FF70235C9EF200DEF13D /* MovieListCollectionViewCell.swift */ = {isa = PBXFileReference; lastKnownFileType = sourcecode.swift; path = MovieListCollectionViewCell.swift; sourceTree = "<group>"; };
		7B71FF71235C9EF200DEF13D /* MovieListCollectionViewCell.xib */ = {isa = PBXFileReference; lastKnownFileType = file.xib; path = MovieListCollectionViewCell.xib; sourceTree = "<group>"; };
		7B71FF75235C9FAF00DEF13D /* UICollectionView+ReusableView.swift */ = {isa = PBXFileReference; lastKnownFileType = sourcecode.swift; path = "UICollectionView+ReusableView.swift"; sourceTree = "<group>"; };
		7B71FF78235C9FF000DEF13D /* ReusableView.swift */ = {isa = PBXFileReference; lastKnownFileType = sourcecode.swift; path = ReusableView.swift; sourceTree = "<group>"; };
		7B71FF7A235CA0C400DEF13D /* LoadingCollectionReusableView.swift */ = {isa = PBXFileReference; lastKnownFileType = sourcecode.swift; path = LoadingCollectionReusableView.swift; sourceTree = "<group>"; };
		7B71FF7B235CA0C400DEF13D /* LoadingCollectionReusableView.xib */ = {isa = PBXFileReference; lastKnownFileType = file.xib; path = LoadingCollectionReusableView.xib; sourceTree = "<group>"; };
		7B71FF80235CA18000DEF13D /* NibLoadable.swift */ = {isa = PBXFileReference; lastKnownFileType = sourcecode.swift; path = NibLoadable.swift; sourceTree = "<group>"; };
		7B85AED4235D8F3700B4CE9B /* TrendingMoviesBuildable.swift */ = {isa = PBXFileReference; lastKnownFileType = sourcecode.swift; path = TrendingMoviesBuildable.swift; sourceTree = "<group>"; };
		7B85AED6235D8F7700B4CE9B /* TrendingMoviesBuilder.swift */ = {isa = PBXFileReference; lastKnownFileType = sourcecode.swift; path = TrendingMoviesBuilder.swift; sourceTree = "<group>"; };
		7B9AF579235AD9E800D372F3 /* Popcorn.app */ = {isa = PBXFileReference; explicitFileType = wrapper.application; includeInIndex = 0; path = Popcorn.app; sourceTree = BUILT_PRODUCTS_DIR; };
		7B9AF57C235AD9E800D372F3 /* AppDelegate.swift */ = {isa = PBXFileReference; lastKnownFileType = sourcecode.swift; path = AppDelegate.swift; sourceTree = "<group>"; };
		7B9AF57E235AD9E900D372F3 /* ViewController.swift */ = {isa = PBXFileReference; lastKnownFileType = sourcecode.swift; path = ViewController.swift; sourceTree = "<group>"; };
		7B9AF581235AD9E900D372F3 /* Base */ = {isa = PBXFileReference; lastKnownFileType = file.storyboard; name = Base; path = Base.lproj/Main.storyboard; sourceTree = "<group>"; };
		7B9AF583235AD9EB00D372F3 /* Assets.xcassets */ = {isa = PBXFileReference; lastKnownFileType = folder.assetcatalog; path = Assets.xcassets; sourceTree = "<group>"; };
		7B9AF586235AD9EB00D372F3 /* Base */ = {isa = PBXFileReference; lastKnownFileType = file.storyboard; name = Base; path = Base.lproj/LaunchScreen.storyboard; sourceTree = "<group>"; };
		7B9AF588235AD9EB00D372F3 /* Info.plist */ = {isa = PBXFileReference; lastKnownFileType = text.plist.xml; path = Info.plist; sourceTree = "<group>"; };
		7BF7761D235ADC2000AD6F29 /* RequestManager.swift */ = {isa = PBXFileReference; lastKnownFileType = sourcecode.swift; path = RequestManager.swift; sourceTree = "<group>"; };
		7BF77620235ADCE500AD6F29 /* HTTPRequest.swift */ = {isa = PBXFileReference; lastKnownFileType = sourcecode.swift; path = HTTPRequest.swift; sourceTree = "<group>"; };
		7BF77622235AE8E500AD6F29 /* HTTPMethod.swift */ = {isa = PBXFileReference; lastKnownFileType = sourcecode.swift; path = HTTPMethod.swift; sourceTree = "<group>"; };
		7BF77624235AEACF00AD6F29 /* Constants.swift */ = {isa = PBXFileReference; lastKnownFileType = sourcecode.swift; path = Constants.swift; sourceTree = "<group>"; };
		7BF7762B235AF21100AD6F29 /* PopcornError.swift */ = {isa = PBXFileReference; lastKnownFileType = sourcecode.swift; path = PopcornError.swift; sourceTree = "<group>"; };
		976117CFB4166B9E45DC0EC6 /* Pods-Popcorn.debug.xcconfig */ = {isa = PBXFileReference; includeInIndex = 1; lastKnownFileType = text.xcconfig; name = "Pods-Popcorn.debug.xcconfig"; path = "Target Support Files/Pods-Popcorn/Pods-Popcorn.debug.xcconfig"; sourceTree = "<group>"; };
		E1E6DB9F1902CF90CBA58160 /* Pods_Popcorn.framework */ = {isa = PBXFileReference; explicitFileType = wrapper.framework; includeInIndex = 0; path = Pods_Popcorn.framework; sourceTree = BUILT_PRODUCTS_DIR; };
/* End PBXFileReference section */

/* Begin PBXFrameworksBuildPhase section */
		7B9AF576235AD9E800D372F3 /* Frameworks */ = {
			isa = PBXFrameworksBuildPhase;
			buildActionMask = 2147483647;
			files = (
				99C0D89902ACA847999DB2D9 /* Pods_Popcorn.framework in Frameworks */,
			);
			runOnlyForDeploymentPostprocessing = 0;
		};
/* End PBXFrameworksBuildPhase section */

/* Begin PBXGroup section */
		7B401B54235C5C73006886DE /* Alamofire */ = {
			isa = PBXGroup;
			children = (
				7B401B55235C5CA5006886DE /* AlamofireHTTPClient.swift */,
			);
			path = Alamofire;
			sourceTree = "<group>";
		};
		7B401B5B235C64F5006886DE /* Error */ = {
			isa = PBXGroup;
			children = (
				7BF7762B235AF21100AD6F29 /* PopcornError.swift */,
				7B401B5C235C652B006886DE /* Error.swift */,
			);
			path = Error;
			sourceTree = "<group>";
		};
		7B401B60235C6BDA006886DE /* Dependency Manager */ = {
			isa = PBXGroup;
			children = (
				7B401B5E235C6B75006886DE /* DependencyManager.swift */,
				7B401B61235C6BFF006886DE /* PopcornDependencyManager.swift */,
			);
			path = "Dependency Manager";
			sourceTree = "<group>";
		};
		7B401B63235C707A006886DE /* Models */ = {
			isa = PBXGroup;
			children = (
				7B401B64235C708D006886DE /* Trending.swift */,
			);
			path = Models;
			sourceTree = "<group>";
		};
		7B71FF4E235C7AB600DEF13D /* Features */ = {
			isa = PBXGroup;
			children = (
				7B71FF53235C848700DEF13D /* Trending */,
			);
			path = Features;
			sourceTree = "<group>";
		};
		7B71FF51235C825C00DEF13D /* Request Manager */ = {
			isa = PBXGroup;
			children = (
				7B401B68235C7171006886DE /* HTTPRequestType.swift */,
				7B401B66235C7148006886DE /* HTTPRequestFactory.swift */,
				7BF7761D235ADC2000AD6F29 /* RequestManager.swift */,
			);
			path = "Request Manager";
			sourceTree = "<group>";
		};
		7B71FF53235C848700DEF13D /* Trending */ = {
			isa = PBXGroup;
			children = (
				7B85AED3235D8F0700B4CE9B /* Builder */,
				7B71FF69235C911800DEF13D /* Router */,
				7B71FF54235C849700DEF13D /* Interactor */,
				7B71FF59235C84E700DEF13D /* Presenter */,
				7B71FF60235C879E00DEF13D /* View */,
			);
			path = Trending;
			sourceTree = "<group>";
		};
		7B71FF54235C849700DEF13D /* Interactor */ = {
			isa = PBXGroup;
			children = (
				7B71FF57235C84E100DEF13D /* TrendingMoviesViewOutput.swift */,
				7B71FF55235C84C200DEF13D /* TrendingMoviesInteractor.swift */,
				7B71FF5E235C851600DEF13D /* TrendingMoviesService.swift */,
			);
			path = Interactor;
			sourceTree = "<group>";
		};
		7B71FF59235C84E700DEF13D /* Presenter */ = {
			isa = PBXGroup;
			children = (
				7B71FF5A235C84F800DEF13D /* TrendingMoviesInteractorOutput.swift */,
				7B71FF5C235C850300DEF13D /* TrendingMoviesPresenter.swift */,
				7B71FF63235C87E200DEF13D /* TrendingMoviesDisplayModel.swift */,
			);
			path = Presenter;
			sourceTree = "<group>";
		};
		7B71FF60235C879E00DEF13D /* View */ = {
			isa = PBXGroup;
			children = (
				7B71FF7E235CA0D000DEF13D /* Cells */,
				7B71FF61235C87B600DEF13D /* TrendingMoviesView.swift */,
				7B71FF65235C90AC00DEF13D /* TrendingMoviesBaseLayoutViewController.swift */,
				7B71FF67235C90CE00DEF13D /* TrendingMoviesViewController.swift */,
			);
			path = View;
			sourceTree = "<group>";
		};
		7B71FF69235C911800DEF13D /* Router */ = {
			isa = PBXGroup;
			children = (
				7B71FF6A235C912300DEF13D /* TrendingMoviesRouter.swift */,
			);
			path = Router;
			sourceTree = "<group>";
		};
		7B71FF6C235C996F00DEF13D /* Extensions */ = {
			isa = PBXGroup;
			children = (
				7B71FF7F235CA16600DEF13D /* UINib */,
				7B71FF74235C9F9700DEF13D /* UICollectionView */,
				7B71FF6D235C997600DEF13D /* UIView */,
			);
			path = Extensions;
			sourceTree = "<group>";
		};
		7B71FF6D235C997600DEF13D /* UIView */ = {
			isa = PBXGroup;
			children = (
				7B71FF6E235C998700DEF13D /* UIView+Layout.swift */,
			);
			path = UIView;
			sourceTree = "<group>";
		};
		7B71FF74235C9F9700DEF13D /* UICollectionView */ = {
			isa = PBXGroup;
			children = (
				7B71FF75235C9FAF00DEF13D /* UICollectionView+ReusableView.swift */,
			);
			path = UICollectionView;
			sourceTree = "<group>";
		};
		7B71FF77235C9FE900DEF13D /* Shared */ = {
			isa = PBXGroup;
			children = (
				7B71FF78235C9FF000DEF13D /* ReusableView.swift */,
			);
			path = Shared;
			sourceTree = "<group>";
		};
		7B71FF7E235CA0D000DEF13D /* Cells */ = {
			isa = PBXGroup;
			children = (
				7B71FF70235C9EF200DEF13D /* MovieListCollectionViewCell.swift */,
				7B71FF71235C9EF200DEF13D /* MovieListCollectionViewCell.xib */,
				7B71FF7A235CA0C400DEF13D /* LoadingCollectionReusableView.swift */,
				7B71FF7B235CA0C400DEF13D /* LoadingCollectionReusableView.xib */,
			);
			path = Cells;
			sourceTree = "<group>";
		};
		7B71FF7F235CA16600DEF13D /* UINib */ = {
			isa = PBXGroup;
			children = (
				7B71FF80235CA18000DEF13D /* NibLoadable.swift */,
			);
			path = UINib;
			sourceTree = "<group>";
		};
		7B85AED3235D8F0700B4CE9B /* Builder */ = {
			isa = PBXGroup;
			children = (
				7B85AED4235D8F3700B4CE9B /* TrendingMoviesBuildable.swift */,
				7B85AED6235D8F7700B4CE9B /* TrendingMoviesBuilder.swift */,
			);
			path = Builder;
			sourceTree = "<group>";
		};
		7B9AF570235AD9E800D372F3 = {
			isa = PBXGroup;
			children = (
				7B9AF57B235AD9E800D372F3 /* Popcorn */,
				7B9AF57A235AD9E800D372F3 /* Products */,
				F74BCA2D26107F21B78B917D /* Pods */,
				D3BC3BDE1DFBF2A32D4BCA5D /* Frameworks */,
			);
			sourceTree = "<group>";
		};
		7B9AF57A235AD9E800D372F3 /* Products */ = {
			isa = PBXGroup;
			children = (
				7B9AF579235AD9E800D372F3 /* Popcorn.app */,
			);
			name = Products;
			sourceTree = "<group>";
		};
		7B9AF57B235AD9E800D372F3 /* Popcorn */ = {
			isa = PBXGroup;
			children = (
				7B9AF57C235AD9E800D372F3 /* AppDelegate.swift */,
				7B9AF57E235AD9E900D372F3 /* ViewController.swift */,
				7B401B60235C6BDA006886DE /* Dependency Manager */,
				7B71FF4E235C7AB600DEF13D /* Features */,
				7BF77626235AEADA00AD6F29 /* Utility */,
				7B401B63235C707A006886DE /* Models */,
				7B9AF580235AD9E900D372F3 /* Main.storyboard */,
				7B9AF583235AD9EB00D372F3 /* Assets.xcassets */,
				7B9AF585235AD9EB00D372F3 /* LaunchScreen.storyboard */,
				7B9AF588235AD9EB00D372F3 /* Info.plist */,
			);
			path = Popcorn;
			sourceTree = "<group>";
		};
		7BF7761F235ADC2500AD6F29 /* Networking */ = {
			isa = PBXGroup;
			children = (
				7BF77620235ADCE500AD6F29 /* HTTPRequest.swift */,
				7B401B6A235C7194006886DE /* HTTPClient.swift */,
				7BF77622235AE8E500AD6F29 /* HTTPMethod.swift */,
			);
			path = Networking;
			sourceTree = "<group>";
		};
		7BF77626235AEADA00AD6F29 /* Utility */ = {
			isa = PBXGroup;
			children = (
				7B71FF77235C9FE900DEF13D /* Shared */,
				7B71FF6C235C996F00DEF13D /* Extensions */,
				7BF77624235AEACF00AD6F29 /* Constants.swift */,
				7B71FF51235C825C00DEF13D /* Request Manager */,
				7BF7761F235ADC2500AD6F29 /* Networking */,
				7B401B54235C5C73006886DE /* Alamofire */,
				7B401B5B235C64F5006886DE /* Error */,
			);
			path = Utility;
			sourceTree = "<group>";
		};
		D3BC3BDE1DFBF2A32D4BCA5D /* Frameworks */ = {
			isa = PBXGroup;
			children = (
				E1E6DB9F1902CF90CBA58160 /* Pods_Popcorn.framework */,
			);
			name = Frameworks;
			sourceTree = "<group>";
		};
		F74BCA2D26107F21B78B917D /* Pods */ = {
			isa = PBXGroup;
			children = (
				976117CFB4166B9E45DC0EC6 /* Pods-Popcorn.debug.xcconfig */,
				0BBF1417C4F3A377D5BF4E7D /* Pods-Popcorn.release.xcconfig */,
			);
			path = Pods;
			sourceTree = "<group>";
		};
/* End PBXGroup section */

/* Begin PBXNativeTarget section */
		7B9AF578235AD9E800D372F3 /* Popcorn */ = {
			isa = PBXNativeTarget;
			buildConfigurationList = 7B9AF58B235AD9EB00D372F3 /* Build configuration list for PBXNativeTarget "Popcorn" */;
			buildPhases = (
				5EE56772D0C95203F167D4EF /* [CP] Check Pods Manifest.lock */,
				7B9AF575235AD9E800D372F3 /* Sources */,
				7B9AF576235AD9E800D372F3 /* Frameworks */,
				7B9AF577235AD9E800D372F3 /* Resources */,
				57324D078C13C768FD37915B /* [CP] Embed Pods Frameworks */,
			);
			buildRules = (
			);
			dependencies = (
			);
			name = Popcorn;
			productName = Popcorn;
			productReference = 7B9AF579235AD9E800D372F3 /* Popcorn.app */;
			productType = "com.apple.product-type.application";
		};
/* End PBXNativeTarget section */

/* Begin PBXProject section */
		7B9AF571235AD9E800D372F3 /* Project object */ = {
			isa = PBXProject;
			attributes = {
				LastSwiftUpdateCheck = 1020;
				LastUpgradeCheck = 1020;
				ORGANIZATIONNAME = "Kamal Wadhwa";
				TargetAttributes = {
					7B9AF578235AD9E800D372F3 = {
						CreatedOnToolsVersion = 10.2.1;
					};
				};
			};
			buildConfigurationList = 7B9AF574235AD9E800D372F3 /* Build configuration list for PBXProject "Popcorn" */;
			compatibilityVersion = "Xcode 9.3";
			developmentRegion = en;
			hasScannedForEncodings = 0;
			knownRegions = (
				en,
				Base,
			);
			mainGroup = 7B9AF570235AD9E800D372F3;
			productRefGroup = 7B9AF57A235AD9E800D372F3 /* Products */;
			projectDirPath = "";
			projectRoot = "";
			targets = (
				7B9AF578235AD9E800D372F3 /* Popcorn */,
			);
		};
/* End PBXProject section */

/* Begin PBXResourcesBuildPhase section */
		7B9AF577235AD9E800D372F3 /* Resources */ = {
			isa = PBXResourcesBuildPhase;
			buildActionMask = 2147483647;
			files = (
				7B9AF587235AD9EB00D372F3 /* LaunchScreen.storyboard in Resources */,
				7B9AF584235AD9EB00D372F3 /* Assets.xcassets in Resources */,
				7B71FF7D235CA0C400DEF13D /* LoadingCollectionReusableView.xib in Resources */,
				7B9AF582235AD9E900D372F3 /* Main.storyboard in Resources */,
				7B71FF73235C9EF200DEF13D /* MovieListCollectionViewCell.xib in Resources */,
			);
			runOnlyForDeploymentPostprocessing = 0;
		};
/* End PBXResourcesBuildPhase section */

/* Begin PBXShellScriptBuildPhase section */
		57324D078C13C768FD37915B /* [CP] Embed Pods Frameworks */ = {
			isa = PBXShellScriptBuildPhase;
			buildActionMask = 2147483647;
			files = (
			);
			inputFileListPaths = (
				"${PODS_ROOT}/Target Support Files/Pods-Popcorn/Pods-Popcorn-frameworks-${CONFIGURATION}-input-files.xcfilelist",
			);
			name = "[CP] Embed Pods Frameworks";
			outputFileListPaths = (
				"${PODS_ROOT}/Target Support Files/Pods-Popcorn/Pods-Popcorn-frameworks-${CONFIGURATION}-output-files.xcfilelist",
			);
			runOnlyForDeploymentPostprocessing = 0;
			shellPath = /bin/sh;
			shellScript = "\"${PODS_ROOT}/Target Support Files/Pods-Popcorn/Pods-Popcorn-frameworks.sh\"\n";
			showEnvVarsInLog = 0;
		};
		5EE56772D0C95203F167D4EF /* [CP] Check Pods Manifest.lock */ = {
			isa = PBXShellScriptBuildPhase;
			buildActionMask = 2147483647;
			files = (
			);
			inputFileListPaths = (
			);
			inputPaths = (
				"${PODS_PODFILE_DIR_PATH}/Podfile.lock",
				"${PODS_ROOT}/Manifest.lock",
			);
			name = "[CP] Check Pods Manifest.lock";
			outputFileListPaths = (
			);
			outputPaths = (
				"$(DERIVED_FILE_DIR)/Pods-Popcorn-checkManifestLockResult.txt",
			);
			runOnlyForDeploymentPostprocessing = 0;
			shellPath = /bin/sh;
			shellScript = "diff \"${PODS_PODFILE_DIR_PATH}/Podfile.lock\" \"${PODS_ROOT}/Manifest.lock\" > /dev/null\nif [ $? != 0 ] ; then\n    # print error to STDERR\n    echo \"error: The sandbox is not in sync with the Podfile.lock. Run 'pod install' or update your CocoaPods installation.\" >&2\n    exit 1\nfi\n# This output is used by Xcode 'outputs' to avoid re-running this script phase.\necho \"SUCCESS\" > \"${SCRIPT_OUTPUT_FILE_0}\"\n";
			showEnvVarsInLog = 0;
		};
/* End PBXShellScriptBuildPhase section */

/* Begin PBXSourcesBuildPhase section */
		7B9AF575235AD9E800D372F3 /* Sources */ = {
			isa = PBXSourcesBuildPhase;
			buildActionMask = 2147483647;
			files = (
				7B71FF64235C87E200DEF13D /* TrendingMoviesDisplayModel.swift in Sources */,
				7B71FF58235C84E100DEF13D /* TrendingMoviesViewOutput.swift in Sources */,
				7B71FF68235C90CE00DEF13D /* TrendingMoviesViewController.swift in Sources */,
				7BF7762C235AF21100AD6F29 /* PopcornError.swift in Sources */,
				7BF7761E235ADC2000AD6F29 /* RequestManager.swift in Sources */,
				7B71FF56235C84C200DEF13D /* TrendingMoviesInteractor.swift in Sources */,
				7B401B62235C6BFF006886DE /* PopcornDependencyManager.swift in Sources */,
				7B71FF5B235C84F800DEF13D /* TrendingMoviesInteractorOutput.swift in Sources */,
				7B71FF79235C9FF000DEF13D /* ReusableView.swift in Sources */,
				7B71FF62235C87B600DEF13D /* TrendingMoviesView.swift in Sources */,
				7B85AED5235D8F3700B4CE9B /* TrendingMoviesBuildable.swift in Sources */,
				7B71FF66235C90AC00DEF13D /* TrendingMoviesBaseLayoutViewController.swift in Sources */,
				7B401B67235C7148006886DE /* HTTPRequestFactory.swift in Sources */,
				7B401B5F235C6B75006886DE /* DependencyManager.swift in Sources */,
				7B71FF5D235C850300DEF13D /* TrendingMoviesPresenter.swift in Sources */,
				7B71FF81235CA18000DEF13D /* NibLoadable.swift in Sources */,
				7B71FF72235C9EF200DEF13D /* MovieListCollectionViewCell.swift in Sources */,
				7BF77621235ADCE500AD6F29 /* HTTPRequest.swift in Sources */,
				7B401B69235C7171006886DE /* HTTPRequestType.swift in Sources */,
				7B9AF57F235AD9E900D372F3 /* ViewController.swift in Sources */,
				7BF77623235AE8E500AD6F29 /* HTTPMethod.swift in Sources */,
				7B401B56235C5CA5006886DE /* AlamofireHTTPClient.swift in Sources */,
				7B401B6B235C7194006886DE /* HTTPClient.swift in Sources */,
				7B71FF76235C9FAF00DEF13D /* UICollectionView+ReusableView.swift in Sources */,
				7B71FF7C235CA0C400DEF13D /* LoadingCollectionReusableView.swift in Sources */,
				7B9AF57D235AD9E800D372F3 /* AppDelegate.swift in Sources */,
				7B85AED7235D8F7700B4CE9B /* TrendingMoviesBuilder.swift in Sources */,
				7B71FF6F235C998700DEF13D /* UIView+Layout.swift in Sources */,
				7B71FF6B235C912300DEF13D /* TrendingMoviesRouter.swift in Sources */,
				7B71FF52235C846D00DEF13D /* Trending.swift in Sources */,
				7B71FF5F235C851600DEF13D /* TrendingMoviesService.swift in Sources */,
				7B401B5D235C652B006886DE /* Error.swift in Sources */,
				7BF77625235AEACF00AD6F29 /* Constants.swift in Sources */,
			);
			runOnlyForDeploymentPostprocessing = 0;
		};
/* End PBXSourcesBuildPhase section */

/* Begin PBXVariantGroup section */
		7B9AF580235AD9E900D372F3 /* Main.storyboard */ = {
			isa = PBXVariantGroup;
			children = (
				7B9AF581235AD9E900D372F3 /* Base */,
			);
			name = Main.storyboard;
			sourceTree = "<group>";
		};
		7B9AF585235AD9EB00D372F3 /* LaunchScreen.storyboard */ = {
			isa = PBXVariantGroup;
			children = (
				7B9AF586235AD9EB00D372F3 /* Base */,
			);
			name = LaunchScreen.storyboard;
			sourceTree = "<group>";
		};
/* End PBXVariantGroup section */

/* Begin XCBuildConfiguration section */
		7B9AF589235AD9EB00D372F3 /* Debug */ = {
			isa = XCBuildConfiguration;
			buildSettings = {
				ALWAYS_SEARCH_USER_PATHS = NO;
				CLANG_ANALYZER_NONNULL = YES;
				CLANG_ANALYZER_NUMBER_OBJECT_CONVERSION = YES_AGGRESSIVE;
				CLANG_CXX_LANGUAGE_STANDARD = "gnu++14";
				CLANG_CXX_LIBRARY = "libc++";
				CLANG_ENABLE_MODULES = YES;
				CLANG_ENABLE_OBJC_ARC = YES;
				CLANG_ENABLE_OBJC_WEAK = YES;
				CLANG_WARN_BLOCK_CAPTURE_AUTORELEASING = YES;
				CLANG_WARN_BOOL_CONVERSION = YES;
				CLANG_WARN_COMMA = YES;
				CLANG_WARN_CONSTANT_CONVERSION = YES;
				CLANG_WARN_DEPRECATED_OBJC_IMPLEMENTATIONS = YES;
				CLANG_WARN_DIRECT_OBJC_ISA_USAGE = YES_ERROR;
				CLANG_WARN_DOCUMENTATION_COMMENTS = YES;
				CLANG_WARN_EMPTY_BODY = YES;
				CLANG_WARN_ENUM_CONVERSION = YES;
				CLANG_WARN_INFINITE_RECURSION = YES;
				CLANG_WARN_INT_CONVERSION = YES;
				CLANG_WARN_NON_LITERAL_NULL_CONVERSION = YES;
				CLANG_WARN_OBJC_IMPLICIT_RETAIN_SELF = YES;
				CLANG_WARN_OBJC_LITERAL_CONVERSION = YES;
				CLANG_WARN_OBJC_ROOT_CLASS = YES_ERROR;
				CLANG_WARN_RANGE_LOOP_ANALYSIS = YES;
				CLANG_WARN_STRICT_PROTOTYPES = YES;
				CLANG_WARN_SUSPICIOUS_MOVE = YES;
				CLANG_WARN_UNGUARDED_AVAILABILITY = YES_AGGRESSIVE;
				CLANG_WARN_UNREACHABLE_CODE = YES;
				CLANG_WARN__DUPLICATE_METHOD_MATCH = YES;
				CODE_SIGN_IDENTITY = "iPhone Developer";
				COPY_PHASE_STRIP = NO;
				DEBUG_INFORMATION_FORMAT = dwarf;
				ENABLE_STRICT_OBJC_MSGSEND = YES;
				ENABLE_TESTABILITY = YES;
				GCC_C_LANGUAGE_STANDARD = gnu11;
				GCC_DYNAMIC_NO_PIC = NO;
				GCC_NO_COMMON_BLOCKS = YES;
				GCC_OPTIMIZATION_LEVEL = 0;
				GCC_PREPROCESSOR_DEFINITIONS = (
					"DEBUG=1",
					"$(inherited)",
				);
				GCC_WARN_64_TO_32_BIT_CONVERSION = YES;
				GCC_WARN_ABOUT_RETURN_TYPE = YES_ERROR;
				GCC_WARN_UNDECLARED_SELECTOR = YES;
				GCC_WARN_UNINITIALIZED_AUTOS = YES_AGGRESSIVE;
				GCC_WARN_UNUSED_FUNCTION = YES;
				GCC_WARN_UNUSED_VARIABLE = YES;
				IPHONEOS_DEPLOYMENT_TARGET = 12.2;
				MTL_ENABLE_DEBUG_INFO = INCLUDE_SOURCE;
				MTL_FAST_MATH = YES;
				ONLY_ACTIVE_ARCH = YES;
				SDKROOT = iphoneos;
				SWIFT_ACTIVE_COMPILATION_CONDITIONS = DEBUG;
				SWIFT_OPTIMIZATION_LEVEL = "-Onone";
			};
			name = Debug;
		};
		7B9AF58A235AD9EB00D372F3 /* Release */ = {
			isa = XCBuildConfiguration;
			buildSettings = {
				ALWAYS_SEARCH_USER_PATHS = NO;
				CLANG_ANALYZER_NONNULL = YES;
				CLANG_ANALYZER_NUMBER_OBJECT_CONVERSION = YES_AGGRESSIVE;
				CLANG_CXX_LANGUAGE_STANDARD = "gnu++14";
				CLANG_CXX_LIBRARY = "libc++";
				CLANG_ENABLE_MODULES = YES;
				CLANG_ENABLE_OBJC_ARC = YES;
				CLANG_ENABLE_OBJC_WEAK = YES;
				CLANG_WARN_BLOCK_CAPTURE_AUTORELEASING = YES;
				CLANG_WARN_BOOL_CONVERSION = YES;
				CLANG_WARN_COMMA = YES;
				CLANG_WARN_CONSTANT_CONVERSION = YES;
				CLANG_WARN_DEPRECATED_OBJC_IMPLEMENTATIONS = YES;
				CLANG_WARN_DIRECT_OBJC_ISA_USAGE = YES_ERROR;
				CLANG_WARN_DOCUMENTATION_COMMENTS = YES;
				CLANG_WARN_EMPTY_BODY = YES;
				CLANG_WARN_ENUM_CONVERSION = YES;
				CLANG_WARN_INFINITE_RECURSION = YES;
				CLANG_WARN_INT_CONVERSION = YES;
				CLANG_WARN_NON_LITERAL_NULL_CONVERSION = YES;
				CLANG_WARN_OBJC_IMPLICIT_RETAIN_SELF = YES;
				CLANG_WARN_OBJC_LITERAL_CONVERSION = YES;
				CLANG_WARN_OBJC_ROOT_CLASS = YES_ERROR;
				CLANG_WARN_RANGE_LOOP_ANALYSIS = YES;
				CLANG_WARN_STRICT_PROTOTYPES = YES;
				CLANG_WARN_SUSPICIOUS_MOVE = YES;
				CLANG_WARN_UNGUARDED_AVAILABILITY = YES_AGGRESSIVE;
				CLANG_WARN_UNREACHABLE_CODE = YES;
				CLANG_WARN__DUPLICATE_METHOD_MATCH = YES;
				CODE_SIGN_IDENTITY = "iPhone Developer";
				COPY_PHASE_STRIP = NO;
				DEBUG_INFORMATION_FORMAT = "dwarf-with-dsym";
				ENABLE_NS_ASSERTIONS = NO;
				ENABLE_STRICT_OBJC_MSGSEND = YES;
				GCC_C_LANGUAGE_STANDARD = gnu11;
				GCC_NO_COMMON_BLOCKS = YES;
				GCC_WARN_64_TO_32_BIT_CONVERSION = YES;
				GCC_WARN_ABOUT_RETURN_TYPE = YES_ERROR;
				GCC_WARN_UNDECLARED_SELECTOR = YES;
				GCC_WARN_UNINITIALIZED_AUTOS = YES_AGGRESSIVE;
				GCC_WARN_UNUSED_FUNCTION = YES;
				GCC_WARN_UNUSED_VARIABLE = YES;
				IPHONEOS_DEPLOYMENT_TARGET = 12.2;
				MTL_ENABLE_DEBUG_INFO = NO;
				MTL_FAST_MATH = YES;
				SDKROOT = iphoneos;
				SWIFT_COMPILATION_MODE = wholemodule;
				SWIFT_OPTIMIZATION_LEVEL = "-O";
				VALIDATE_PRODUCT = YES;
			};
			name = Release;
		};
		7B9AF58C235AD9EB00D372F3 /* Debug */ = {
			isa = XCBuildConfiguration;
			baseConfigurationReference = 976117CFB4166B9E45DC0EC6 /* Pods-Popcorn.debug.xcconfig */;
			buildSettings = {
				ASSETCATALOG_COMPILER_APPICON_NAME = AppIcon;
				CODE_SIGN_STYLE = Automatic;
				DEVELOPMENT_TEAM = 4F9L26E329;
				INFOPLIST_FILE = Popcorn/Info.plist;
				LD_RUNPATH_SEARCH_PATHS = (
					"$(inherited)",
					"@executable_path/Frameworks",
				);
				PRODUCT_BUNDLE_IDENTIFIER = xyz.someday.Popcorn;
				PRODUCT_NAME = "$(TARGET_NAME)";
				SWIFT_VERSION = 5.0;
				TARGETED_DEVICE_FAMILY = "1,2";
			};
			name = Debug;
		};
		7B9AF58D235AD9EB00D372F3 /* Release */ = {
			isa = XCBuildConfiguration;
			baseConfigurationReference = 0BBF1417C4F3A377D5BF4E7D /* Pods-Popcorn.release.xcconfig */;
			buildSettings = {
				ASSETCATALOG_COMPILER_APPICON_NAME = AppIcon;
				CODE_SIGN_STYLE = Automatic;
				DEVELOPMENT_TEAM = 4F9L26E329;
				INFOPLIST_FILE = Popcorn/Info.plist;
				LD_RUNPATH_SEARCH_PATHS = (
					"$(inherited)",
					"@executable_path/Frameworks",
				);
				PRODUCT_BUNDLE_IDENTIFIER = xyz.someday.Popcorn;
				PRODUCT_NAME = "$(TARGET_NAME)";
				SWIFT_VERSION = 5.0;
				TARGETED_DEVICE_FAMILY = "1,2";
			};
			name = Release;
		};
/* End XCBuildConfiguration section */

/* Begin XCConfigurationList section */
		7B9AF574235AD9E800D372F3 /* Build configuration list for PBXProject "Popcorn" */ = {
			isa = XCConfigurationList;
			buildConfigurations = (
				7B9AF589235AD9EB00D372F3 /* Debug */,
				7B9AF58A235AD9EB00D372F3 /* Release */,
			);
			defaultConfigurationIsVisible = 0;
			defaultConfigurationName = Release;
		};
		7B9AF58B235AD9EB00D372F3 /* Build configuration list for PBXNativeTarget "Popcorn" */ = {
			isa = XCConfigurationList;
			buildConfigurations = (
				7B9AF58C235AD9EB00D372F3 /* Debug */,
				7B9AF58D235AD9EB00D372F3 /* Release */,
			);
			defaultConfigurationIsVisible = 0;
			defaultConfigurationName = Release;
		};
/* End XCConfigurationList section */
	};
	rootObject = 7B9AF571235AD9E800D372F3 /* Project object */;
}
